
Microsoft Visual Studio Solution File, Format Version 12.00
# Visual Studio 15
VisualStudioVersion = 15.0.28307.136
MinimumVisualStudioVersion = 10.0.40219.1
Project("{9A19103F-16F7-4668-BE54-9A1E7A4F7556}") = "Day1", "Day1\Day1.csproj", "{FE67082F-33B6-4A36-84C3-731E9C70C64E}"
EndProject
Project("{9A19103F-16F7-4668-BE54-9A1E7A4F7556}") = "Day2", "Day2\Day2.csproj", "{D7BC8608-9493-458B-BB8B-0E022F14EAF7}"
EndProject
Project("{9A19103F-16F7-4668-BE54-9A1E7A4F7556}") = "SharedLibrary", "SharedLibrary\SharedLibrary.csproj", "{90AF2648-D328-4896-A876-083FEBED4ECF}"
EndProject
Project("{9A19103F-16F7-4668-BE54-9A1E7A4F7556}") = "Day3", "Day3\Day3.csproj", "{BCB4DB55-D92C-45B0-B05E-7D4A54B50C9A}"
EndProject
Project("{9A19103F-16F7-4668-BE54-9A1E7A4F7556}") = "Day4", "Day4\Day4.csproj", "{0914EC0B-3007-4855-81C4-3F06BD6E5511}"
EndProject
Project("{9A19103F-16F7-4668-BE54-9A1E7A4F7556}") = "Day5", "Day5\Day5.csproj", "{EDE05A64-115A-4DDB-A689-0D16437988C2}"
EndProject
Project("{9A19103F-16F7-4668-BE54-9A1E7A4F7556}") = "Day6", "Day6\Day6.csproj", "{F8B368D6-BE64-4381-81DB-B551C7B84D17}"
EndProject
Project("{FAE04EC0-301F-11D3-BF4B-00C04F79EFBC}") = "Day7", "Day7\Day7.csproj", "{9BE13A46-1B06-4BFE-A1BE-AEF99EFE9BBD}"
EndProject
Project("{FAE04EC0-301F-11D3-BF4B-00C04F79EFBC}") = "Day8", "Day8\Day8.csproj", "{3B2323A3-4FFD-4D74-917E-49A61F6BA861}"
EndProject
Project("{FAE04EC0-301F-11D3-BF4B-00C04F79EFBC}") = "Day9", "Day9\Day9.csproj", "{331524EF-BF76-48AE-A19A-6D78D556BC7C}"
EndProject
Project("{FAE04EC0-301F-11D3-BF4B-00C04F79EFBC}") = "Day10", "Day10\Day10.csproj", "{843DBD30-7EA2-4044-9873-9B9AFB9E0DCB}"
EndProject
Global
	GlobalSection(SolutionConfigurationPlatforms) = preSolution
		Debug|Any CPU = Debug|Any CPU
		Release|Any CPU = Release|Any CPU
	EndGlobalSection
	GlobalSection(ProjectConfigurationPlatforms) = postSolution
		{FE67082F-33B6-4A36-84C3-731E9C70C64E}.Debug|Any CPU.ActiveCfg = Debug|Any CPU
		{FE67082F-33B6-4A36-84C3-731E9C70C64E}.Debug|Any CPU.Build.0 = Debug|Any CPU
		{FE67082F-33B6-4A36-84C3-731E9C70C64E}.Release|Any CPU.ActiveCfg = Release|Any CPU
		{FE67082F-33B6-4A36-84C3-731E9C70C64E}.Release|Any CPU.Build.0 = Release|Any CPU
		{D7BC8608-9493-458B-BB8B-0E022F14EAF7}.Debug|Any CPU.ActiveCfg = Debug|Any CPU
		{D7BC8608-9493-458B-BB8B-0E022F14EAF7}.Debug|Any CPU.Build.0 = Debug|Any CPU
		{D7BC8608-9493-458B-BB8B-0E022F14EAF7}.Release|Any CPU.ActiveCfg = Release|Any CPU
		{D7BC8608-9493-458B-BB8B-0E022F14EAF7}.Release|Any CPU.Build.0 = Release|Any CPU
		{90AF2648-D328-4896-A876-083FEBED4ECF}.Debug|Any CPU.ActiveCfg = Debug|Any CPU
		{90AF2648-D328-4896-A876-083FEBED4ECF}.Debug|Any CPU.Build.0 = Debug|Any CPU
		{90AF2648-D328-4896-A876-083FEBED4ECF}.Release|Any CPU.ActiveCfg = Release|Any CPU
		{90AF2648-D328-4896-A876-083FEBED4ECF}.Release|Any CPU.Build.0 = Release|Any CPU
		{BCB4DB55-D92C-45B0-B05E-7D4A54B50C9A}.Debug|Any CPU.ActiveCfg = Debug|Any CPU
		{BCB4DB55-D92C-45B0-B05E-7D4A54B50C9A}.Debug|Any CPU.Build.0 = Debug|Any CPU
		{BCB4DB55-D92C-45B0-B05E-7D4A54B50C9A}.Release|Any CPU.ActiveCfg = Release|Any CPU
		{BCB4DB55-D92C-45B0-B05E-7D4A54B50C9A}.Release|Any CPU.Build.0 = Release|Any CPU
		{0914EC0B-3007-4855-81C4-3F06BD6E5511}.Debug|Any CPU.ActiveCfg = Debug|Any CPU
		{0914EC0B-3007-4855-81C4-3F06BD6E5511}.Debug|Any CPU.Build.0 = Debug|Any CPU
		{0914EC0B-3007-4855-81C4-3F06BD6E5511}.Release|Any CPU.ActiveCfg = Release|Any CPU
		{0914EC0B-3007-4855-81C4-3F06BD6E5511}.Release|Any CPU.Build.0 = Release|Any CPU
		{EDE05A64-115A-4DDB-A689-0D16437988C2}.Debug|Any CPU.ActiveCfg = Debug|Any CPU
		{EDE05A64-115A-4DDB-A689-0D16437988C2}.Debug|Any CPU.Build.0 = Debug|Any CPU
		{EDE05A64-115A-4DDB-A689-0D16437988C2}.Release|Any CPU.ActiveCfg = Release|Any CPU
		{EDE05A64-115A-4DDB-A689-0D16437988C2}.Release|Any CPU.Build.0 = Release|Any CPU
		{F8B368D6-BE64-4381-81DB-B551C7B84D17}.Debug|Any CPU.ActiveCfg = Debug|Any CPU
		{F8B368D6-BE64-4381-81DB-B551C7B84D17}.Debug|Any CPU.Build.0 = Debug|Any CPU
		{F8B368D6-BE64-4381-81DB-B551C7B84D17}.Release|Any CPU.ActiveCfg = Release|Any CPU
		{F8B368D6-BE64-4381-81DB-B551C7B84D17}.Release|Any CPU.Build.0 = Release|Any CPU
		{9BE13A46-1B06-4BFE-A1BE-AEF99EFE9BBD}.Debug|Any CPU.ActiveCfg = Debug|Any CPU
		{9BE13A46-1B06-4BFE-A1BE-AEF99EFE9BBD}.Debug|Any CPU.Build.0 = Debug|Any CPU
		{9BE13A46-1B06-4BFE-A1BE-AEF99EFE9BBD}.Release|Any CPU.ActiveCfg = Release|Any CPU
		{9BE13A46-1B06-4BFE-A1BE-AEF99EFE9BBD}.Release|Any CPU.Build.0 = Release|Any CPU
		{3B2323A3-4FFD-4D74-917E-49A61F6BA861}.Debug|Any CPU.ActiveCfg = Debug|Any CPU
		{3B2323A3-4FFD-4D74-917E-49A61F6BA861}.Debug|Any CPU.Build.0 = Debug|Any CPU
		{3B2323A3-4FFD-4D74-917E-49A61F6BA861}.Release|Any CPU.ActiveCfg = Release|Any CPU
		{3B2323A3-4FFD-4D74-917E-49A61F6BA861}.Release|Any CPU.Build.0 = Release|Any CPU
		{331524EF-BF76-48AE-A19A-6D78D556BC7C}.Debug|Any CPU.ActiveCfg = Debug|Any CPU
		{331524EF-BF76-48AE-A19A-6D78D556BC7C}.Debug|Any CPU.Build.0 = Debug|Any CPU
		{331524EF-BF76-48AE-A19A-6D78D556BC7C}.Release|Any CPU.ActiveCfg = Release|Any CPU
		{331524EF-BF76-48AE-A19A-6D78D556BC7C}.Release|Any CPU.Build.0 = Release|Any CPU
		{843DBD30-7EA2-4044-9873-9B9AFB9E0DCB}.Debug|Any CPU.ActiveCfg = Debug|Any CPU
		{843DBD30-7EA2-4044-9873-9B9AFB9E0DCB}.Debug|Any CPU.Build.0 = Debug|Any CPU
		{843DBD30-7EA2-4044-9873-9B9AFB9E0DCB}.Release|Any CPU.ActiveCfg = Release|Any CPU
		{843DBD30-7EA2-4044-9873-9B9AFB9E0DCB}.Release|Any CPU.Build.0 = Release|Any CPU
	EndGlobalSection
	GlobalSection(SolutionProperties) = preSolution
		HideSolutionNode = FALSE
	EndGlobalSection
	GlobalSection(ExtensibilityGlobals) = postSolution
		SolutionGuid = {A42F94D4-ADC1-405C-9ECB-72BC580158BC}
	EndGlobalSection
EndGlobal
